
Microsoft Visual Studio Solution File, Format Version 12.00
# Visual Studio 2013
VisualStudioVersion = 12.0.31101.0
MinimumVisualStudioVersion = 10.0.40219.1
Project("{F2A71F9B-5D33-465A-A702-920D77279786}") = "4AmountOfNumber", "4AmountOfNumber\4AmountOfNumber.fsproj", "{8177B2F8-945D-49FF-8C15-5835C8F7EF97}"
EndProject
Global
	GlobalSection(SolutionConfigurationPlatforms) = preSolution
		Debug|Any CPU = Debug|Any CPU
		Release|Any CPU = Release|Any CPU
	EndGlobalSection
	GlobalSection(ProjectConfigurationPlatforms) = postSolution
		{8177B2F8-945D-49FF-8C15-5835C8F7EF97}.Debug|Any CPU.ActiveCfg = Debug|Any CPU
		{8177B2F8-945D-49FF-8C15-5835C8F7EF97}.Debug|Any CPU.Build.0 = Debug|Any CPU
		{8177B2F8-945D-49FF-8C15-5835C8F7EF97}.Release|Any CPU.ActiveCfg = Release|Any CPU
		{8177B2F8-945D-49FF-8C15-5835C8F7EF97}.Release|Any CPU.Build.0 = Release|Any CPU
	EndGlobalSection
	GlobalSection(SolutionProperties) = preSolution
		HideSolutionNode = FALSE
	EndGlobalSection
EndGlobal
