
Microsoft Visual Studio Solution File, Format Version 12.00
# Visual Studio 2013
VisualStudioVersion = 12.0.31101.0
MinimumVisualStudioVersion = 10.0.40219.1
Project("{F2A71F9B-5D33-465A-A702-920D77279786}") = "1Web", "1Web\1Web.fsproj", "{B2E6CB13-F80B-499D-971F-31806A195ACC}"
EndProject
Global
	GlobalSection(SolutionConfigurationPlatforms) = preSolution
		Debug|Any CPU = Debug|Any CPU
		Release|Any CPU = Release|Any CPU
	EndGlobalSection
	GlobalSection(ProjectConfigurationPlatforms) = postSolution
		{B2E6CB13-F80B-499D-971F-31806A195ACC}.Debug|Any CPU.ActiveCfg = Debug|Any CPU
		{B2E6CB13-F80B-499D-971F-31806A195ACC}.Debug|Any CPU.Build.0 = Debug|Any CPU
		{B2E6CB13-F80B-499D-971F-31806A195ACC}.Release|Any CPU.ActiveCfg = Release|Any CPU
		{B2E6CB13-F80B-499D-971F-31806A195ACC}.Release|Any CPU.Build.0 = Release|Any CPU
	EndGlobalSection
	GlobalSection(SolutionProperties) = preSolution
		HideSolutionNode = FALSE
	EndGlobalSection
EndGlobal
