
Microsoft Visual Studio Solution File, Format Version 12.00
# Visual Studio 2013
VisualStudioVersion = 12.0.31101.0
MinimumVisualStudioVersion = 10.0.40219.1
Project("{F2A71F9B-5D33-465A-A702-920D77279786}") = "4TreeHeight", "4TreeHeight\4TreeHeight.fsproj", "{CB4B0D87-047E-441C-86D1-D8DB8A18D3D4}"
EndProject
Global
	GlobalSection(SolutionConfigurationPlatforms) = preSolution
		Debug|Any CPU = Debug|Any CPU
		Release|Any CPU = Release|Any CPU
	EndGlobalSection
	GlobalSection(ProjectConfigurationPlatforms) = postSolution
		{CB4B0D87-047E-441C-86D1-D8DB8A18D3D4}.Debug|Any CPU.ActiveCfg = Debug|Any CPU
		{CB4B0D87-047E-441C-86D1-D8DB8A18D3D4}.Debug|Any CPU.Build.0 = Debug|Any CPU
		{CB4B0D87-047E-441C-86D1-D8DB8A18D3D4}.Release|Any CPU.ActiveCfg = Release|Any CPU
		{CB4B0D87-047E-441C-86D1-D8DB8A18D3D4}.Release|Any CPU.Build.0 = Release|Any CPU
	EndGlobalSection
	GlobalSection(SolutionProperties) = preSolution
		HideSolutionNode = FALSE
	EndGlobalSection
EndGlobal
