
Microsoft Visual Studio Solution File, Format Version 12.00
# Visual Studio 2013
VisualStudioVersion = 12.0.21005.1
MinimumVisualStudioVersion = 10.0.40219.1
Project("{FAE04EC0-301F-11D3-BF4B-00C04F79EFBC}") = "1BTree", "1BTree\1BTree.csproj", "{21B27840-0874-4770-916C-DFDE9B8B32FC}"
EndProject
Global
	GlobalSection(SolutionConfigurationPlatforms) = preSolution
		Debug|Any CPU = Debug|Any CPU
		Release|Any CPU = Release|Any CPU
	EndGlobalSection
	GlobalSection(ProjectConfigurationPlatforms) = postSolution
		{21B27840-0874-4770-916C-DFDE9B8B32FC}.Debug|Any CPU.ActiveCfg = Debug|Any CPU
		{21B27840-0874-4770-916C-DFDE9B8B32FC}.Debug|Any CPU.Build.0 = Debug|Any CPU
		{21B27840-0874-4770-916C-DFDE9B8B32FC}.Release|Any CPU.ActiveCfg = Release|Any CPU
		{21B27840-0874-4770-916C-DFDE9B8B32FC}.Release|Any CPU.Build.0 = Release|Any CPU
	EndGlobalSection
	GlobalSection(SolutionProperties) = preSolution
		HideSolutionNode = FALSE
	EndGlobalSection
EndGlobal
